
Microsoft Visual Studio Solution File, Format Version 12.00
# Visual Studio 2012
Project("{FAE04EC0-301F-11D3-BF4B-00C04F79EFBC}") = "XamMobileApp", "XamMobileApp\XamMobileApp.csproj", "{4EFFA38E-41A1-43BA-A34D-D972E5962D17}"
EndProject
Project("{FAE04EC0-301F-11D3-BF4B-00C04F79EFBC}") = "XamMobileApp.Droid", "Droid\XamMobileApp.Droid.csproj", "{C8299B8D-E348-466F-AB90-04E697AA79C4}"
EndProject
Project("{FAE04EC0-301F-11D3-BF4B-00C04F79EFBC}") = "XamMobileApp.iOS", "iOS\XamMobileApp.iOS.csproj", "{C3D2109A-9FA2-42D6-A9A4-7BB789502596}"
EndProject
Global
	GlobalSection(SolutionConfigurationPlatforms) = preSolution
		Debug|Any CPU = Debug|Any CPU
		Release|Any CPU = Release|Any CPU
		Debug|iPhoneSimulator = Debug|iPhoneSimulator
		Release|iPhone = Release|iPhone
		Release|iPhoneSimulator = Release|iPhoneSimulator
		Debug|iPhone = Debug|iPhone
	EndGlobalSection
	GlobalSection(ProjectConfigurationPlatforms) = postSolution
		{4EFFA38E-41A1-43BA-A34D-D972E5962D17}.Debug|Any CPU.ActiveCfg = Debug|Any CPU
		{4EFFA38E-41A1-43BA-A34D-D972E5962D17}.Debug|Any CPU.Build.0 = Debug|Any CPU
		{4EFFA38E-41A1-43BA-A34D-D972E5962D17}.Release|Any CPU.ActiveCfg = Release|Any CPU
		{4EFFA38E-41A1-43BA-A34D-D972E5962D17}.Release|Any CPU.Build.0 = Release|Any CPU
		{4EFFA38E-41A1-43BA-A34D-D972E5962D17}.Debug|iPhoneSimulator.ActiveCfg = Debug|Any CPU
		{4EFFA38E-41A1-43BA-A34D-D972E5962D17}.Debug|iPhoneSimulator.Build.0 = Debug|Any CPU
		{4EFFA38E-41A1-43BA-A34D-D972E5962D17}.Release|iPhone.ActiveCfg = Release|Any CPU
		{4EFFA38E-41A1-43BA-A34D-D972E5962D17}.Release|iPhone.Build.0 = Release|Any CPU
		{4EFFA38E-41A1-43BA-A34D-D972E5962D17}.Release|iPhoneSimulator.ActiveCfg = Release|Any CPU
		{4EFFA38E-41A1-43BA-A34D-D972E5962D17}.Release|iPhoneSimulator.Build.0 = Release|Any CPU
		{4EFFA38E-41A1-43BA-A34D-D972E5962D17}.Debug|iPhone.ActiveCfg = Debug|Any CPU
		{4EFFA38E-41A1-43BA-A34D-D972E5962D17}.Debug|iPhone.Build.0 = Debug|Any CPU
		{C8299B8D-E348-466F-AB90-04E697AA79C4}.Debug|Any CPU.ActiveCfg = Debug|Any CPU
		{C8299B8D-E348-466F-AB90-04E697AA79C4}.Debug|Any CPU.Build.0 = Debug|Any CPU
		{C8299B8D-E348-466F-AB90-04E697AA79C4}.Release|Any CPU.ActiveCfg = Release|Any CPU
		{C8299B8D-E348-466F-AB90-04E697AA79C4}.Release|Any CPU.Build.0 = Release|Any CPU
		{C8299B8D-E348-466F-AB90-04E697AA79C4}.Debug|iPhoneSimulator.ActiveCfg = Debug|Any CPU
		{C8299B8D-E348-466F-AB90-04E697AA79C4}.Debug|iPhoneSimulator.Build.0 = Debug|Any CPU
		{C8299B8D-E348-466F-AB90-04E697AA79C4}.Release|iPhone.ActiveCfg = Release|Any CPU
		{C8299B8D-E348-466F-AB90-04E697AA79C4}.Release|iPhone.Build.0 = Release|Any CPU
		{C8299B8D-E348-466F-AB90-04E697AA79C4}.Release|iPhoneSimulator.ActiveCfg = Release|Any CPU
		{C8299B8D-E348-466F-AB90-04E697AA79C4}.Release|iPhoneSimulator.Build.0 = Release|Any CPU
		{C8299B8D-E348-466F-AB90-04E697AA79C4}.Debug|iPhone.ActiveCfg = Debug|Any CPU
		{C8299B8D-E348-466F-AB90-04E697AA79C4}.Debug|iPhone.Build.0 = Debug|Any CPU
		{C3D2109A-9FA2-42D6-A9A4-7BB789502596}.Debug|Any CPU.ActiveCfg = Debug|iPhoneSimulator
		{C3D2109A-9FA2-42D6-A9A4-7BB789502596}.Debug|Any CPU.Build.0 = Debug|iPhoneSimulator
		{C3D2109A-9FA2-42D6-A9A4-7BB789502596}.Release|Any CPU.ActiveCfg = Release|iPhone
		{C3D2109A-9FA2-42D6-A9A4-7BB789502596}.Release|Any CPU.Build.0 = Release|iPhone
		{C3D2109A-9FA2-42D6-A9A4-7BB789502596}.Debug|iPhoneSimulator.ActiveCfg = Debug|iPhoneSimulator
		{C3D2109A-9FA2-42D6-A9A4-7BB789502596}.Debug|iPhoneSimulator.Build.0 = Debug|iPhoneSimulator
		{C3D2109A-9FA2-42D6-A9A4-7BB789502596}.Release|iPhone.ActiveCfg = Release|iPhone
		{C3D2109A-9FA2-42D6-A9A4-7BB789502596}.Release|iPhone.Build.0 = Release|iPhone
		{C3D2109A-9FA2-42D6-A9A4-7BB789502596}.Release|iPhoneSimulator.ActiveCfg = Release|iPhoneSimulator
		{C3D2109A-9FA2-42D6-A9A4-7BB789502596}.Release|iPhoneSimulator.Build.0 = Release|iPhoneSimulator
		{C3D2109A-9FA2-42D6-A9A4-7BB789502596}.Debug|iPhone.ActiveCfg = Debug|iPhone
		{C3D2109A-9FA2-42D6-A9A4-7BB789502596}.Debug|iPhone.Build.0 = Debug|iPhone
	EndGlobalSection
EndGlobal
